{
    "_readme": [
        "This file locks the dependencies of your project to a known state",
        "Read more about it at http://getcomposer.org/doc/01-basic-usage.md#composer-lock-the-lock-file",
        "This file is @generated automatically"
    ],
    "hash": "dde18c0b9a2c0249962b4f81a8d250b8",
    "packages": [
        {
            "name": "herzult/php-ssh",
            "version": "dev-master",
            "source": {
                "type": "git",
                "url": "https://github.com/Herzult/php-ssh.git",
                "reference": "1ed552d9d41f8263ffbf002e65ec916569b0a8bd"
            },
            "dist": {
                "type": "zip",
                "url": "https://api.github.com/repos/Herzult/php-ssh/zipball/1ed552d9d41f8263ffbf002e65ec916569b0a8bd",
                "reference": "1ed552d9d41f8263ffbf002e65ec916569b0a8bd",
                "shasum": ""
            },
            "require": {
                "ext-ssh2": "*",
                "php": ">=5.3.2"
            },
            "require-dev": {
                "phpunit/phpunit": "3.7.*",
                "symfony/filesystem": "~2.4"
            },
            "type": "library",
            "extra": {
                "branch-alias": {
                    "dev-master": "1.x-dev"
                }
            },
            "autoload": {
                "psr-0": {
                    "Ssh": "src/"
                }
            },
            "notification-url": "https://packagist.org/downloads/",
            "license": [
                "MIT"
            ],
            "authors": [
                {
                    "name": "Antoine Hérault",
                    "email": "antoine.herault@gmail.com",
                    "homepage": "https://github.com/Herzult"
                },
                {
                    "name": "The contributors",
                    "homepage": "http://github.com/Herzult/php-ssh/contributors"
                }
            ],
            "description": "Provides an object-oriented wrapper for the php ssh2 extension.",
            "keywords": [
                "ssh",
                "ssh2"
            ],
            "time": "2014-06-15 09:41:10"
        }
    ],
    "packages-dev": [

    ],
    "aliases": [

    ],
    "minimum-stability": "dev",
    "stability-flags": [

    ],
    "platform": {
        "php": ">=5.3.3"
    },
    "platform-dev": [

    ]
}
